{
  "name": "f_b",
  "lockfileVersion": 2,
  "requires": true,
  "packages": {
    "": {
      "dependencies": {
        "@prisma/client": "^5.1.1",
        "bootstrap": "^5.0.1",
        "prisma": "^5.1.1"
      }
    },
    "node_modules/@popperjs/core": {
      "version": "2.11.8",
      "resolved": "https://registry.npmjs.org/@popperjs/core/-/core-2.11.8.tgz",
      "integrity": "sha512-P1st0aksCrn9sGZhp8GMYwBnQsbvAWsZAX44oXNNvLHGqAOcoVxmjZiohstwQ7SqKnbR47akdNi+uleWD8+g6A==",
      "peer": true,
      "funding": {
        "type": "opencollective",
        "url": "https://opencollective.com/popperjs"
      }
    },
    "node_modules/@prisma/client": {
      "version": "5.1.1",
      "resolved": "https://registry.npmjs.org/@prisma/client/-/client-5.1.1.tgz",
      "integrity": "sha512-fxcCeK5pMQGcgCqCrWsi+I2rpIbk0rAhdrN+ke7f34tIrgPwA68ensrpin+9+fZvuV2OtzHmuipwduSY6HswdA==",
      "hasInstallScript": true,
      "dependencies": {
        "@prisma/engines-version": "5.1.1-1.6a3747c37ff169c90047725a05a6ef02e32ac97e"
      },
      "engines": {
        "node": ">=16.13"
      },
      "peerDependencies": {
        "prisma": "*"
      },
      "peerDependenciesMeta": {
        "prisma": {
          "optional": true
        }
      }
    },
    "node_modules/@prisma/engines": {
      "version": "5.1.1",
      "resolved": "https://registry.npmjs.org/@prisma/engines/-/engines-5.1.1.tgz",
      "integrity": "sha512-NV/4nVNWFZSJCCIA3HIFJbbDKO/NARc9ej0tX5S9k2EVbkrFJC4Xt9b0u4rNZWL4V+F5LAjvta8vzEUw0rw+HA==",
      "hasInstallScript": true
    },
    "node_modules/@prisma/engines-version": {
      "version": "5.1.1-1.6a3747c37ff169c90047725a05a6ef02e32ac97e",
      "resolved": "https://registry.npmjs.org/@prisma/engines-version/-/engines-version-5.1.1-1.6a3747c37ff169c90047725a05a6ef02e32ac97e.tgz",
      "integrity": "sha512-owZqbY/wucbr65bXJ/ljrHPgQU5xXTSkmcE/JcbqE1kusuAXV/TLN3/exmz21SZ5rJ7WDkyk70J2G/n68iogbQ=="
    },
    "node_modules/bootstrap": {
      "version": "5.0.1",
      "resolved": "https://registry.npmjs.org/bootstrap/-/bootstrap-5.0.1.tgz",
      "integrity": "sha512-Fl79+wsLOZKoiU345KeEaWD0ik8WKRI5zm0YSPj2oF1Qr+BO7z0fco6GbUtqjoG1h4VI89PeKJnMsMMVQdKKTw==",
      "funding": {
        "type": "opencollective",
        "url": "https://opencollective.com/bootstrap"
      },
      "peerDependencies": {
        "@popperjs/core": "^2.9.2"
      }
    },
    "node_modules/prisma": {
      "version": "5.1.1",
      "resolved": "https://registry.npmjs.org/prisma/-/prisma-5.1.1.tgz",
      "integrity": "sha512-WJFG/U7sMmcc6TjJTTifTfpI6Wjoh55xl4AzopVwAdyK68L9/ogNo8QQ2cxuUjJf/Wa82z/uhyh3wMzvRIBphg==",
      "hasInstallScript": true,
      "dependencies": {
        "@prisma/engines": "5.1.1"
      },
      "bin": {
        "prisma": "build/index.js"
      },
      "engines": {
        "node": ">=16.13"
      }
    }
  },
  "dependencies": {
    "@popperjs/core": {
      "version": "2.11.8",
      "resolved": "https://registry.npmjs.org/@popperjs/core/-/core-2.11.8.tgz",
      "integrity": "sha512-P1st0aksCrn9sGZhp8GMYwBnQsbvAWsZAX44oXNNvLHGqAOcoVxmjZiohstwQ7SqKnbR47akdNi+uleWD8+g6A==",
      "peer": true
    },
    "@prisma/client": {
      "version": "5.1.1",
      "resolved": "https://registry.npmjs.org/@prisma/client/-/client-5.1.1.tgz",
      "integrity": "sha512-fxcCeK5pMQGcgCqCrWsi+I2rpIbk0rAhdrN+ke7f34tIrgPwA68ensrpin+9+fZvuV2OtzHmuipwduSY6HswdA==",
      "requires": {
        "@prisma/engines-version": "5.1.1-1.6a3747c37ff169c90047725a05a6ef02e32ac97e"
      }
    },
    "@prisma/engines": {
      "version": "5.1.1",
      "resolved": "https://registry.npmjs.org/@prisma/engines/-/engines-5.1.1.tgz",
      "integrity": "sha512-NV/4nVNWFZSJCCIA3HIFJbbDKO/NARc9ej0tX5S9k2EVbkrFJC4Xt9b0u4rNZWL4V+F5LAjvta8vzEUw0rw+HA=="
    },
    "@prisma/engines-version": {
      "version": "5.1.1-1.6a3747c37ff169c90047725a05a6ef02e32ac97e",
      "resolved": "https://registry.npmjs.org/@prisma/engines-version/-/engines-version-5.1.1-1.6a3747c37ff169c90047725a05a6ef02e32ac97e.tgz",
      "integrity": "sha512-owZqbY/wucbr65bXJ/ljrHPgQU5xXTSkmcE/JcbqE1kusuAXV/TLN3/exmz21SZ5rJ7WDkyk70J2G/n68iogbQ=="
    },
    "bootstrap": {
      "version": "5.0.1",
      "resolved": "https://registry.npmjs.org/bootstrap/-/bootstrap-5.0.1.tgz",
      "integrity": "sha512-Fl79+wsLOZKoiU345KeEaWD0ik8WKRI5zm0YSPj2oF1Qr+BO7z0fco6GbUtqjoG1h4VI89PeKJnMsMMVQdKKTw==",
      "requires": {}
    },
    "prisma": {
      "version": "5.1.1",
      "resolved": "https://registry.npmjs.org/prisma/-/prisma-5.1.1.tgz",
      "integrity": "sha512-WJFG/U7sMmcc6TjJTTifTfpI6Wjoh55xl4AzopVwAdyK68L9/ogNo8QQ2cxuUjJf/Wa82z/uhyh3wMzvRIBphg==",
      "requires": {
        "@prisma/engines": "5.1.1"
      }
    }
  }
}
